// !$*UTF8*$!
{
	archiveVersion = 1;
	classes = {
	};
	objectVersion = 50;
	objects = {

/* Begin PBXBuildFile section */
		83A24E19242BC5150031E5F3 /* AppDelegate.swift in Sources */ = {isa = PBXBuildFile; fileRef = 83A24E18242BC5150031E5F3 /* AppDelegate.swift */; };
		83A24E1B242BC5150031E5F3 /* SceneDelegate.swift in Sources */ = {isa = PBXBuildFile; fileRef = 83A24E1A242BC5150031E5F3 /* SceneDelegate.swift */; };
		83A24E1D242BC5150031E5F3 /* ViewController.swift in Sources */ = {isa = PBXBuildFile; fileRef = 83A24E1C242BC5150031E5F3 /* ViewController.swift */; };
		83A24E20242BC5150031E5F3 /* Main.storyboard in Resources */ = {isa = PBXBuildFile; fileRef = 83A24E1E242BC5150031E5F3 /* Main.storyboard */; };
		83A24E22242BC5160031E5F3 /* Assets.xcassets in Resources */ = {isa = PBXBuildFile; fileRef = 83A24E21242BC5160031E5F3 /* Assets.xcassets */; };
		83A24E25242BC5160031E5F3 /* LaunchScreen.storyboard in Resources */ = {isa = PBXBuildFile; fileRef = 83A24E23242BC5160031E5F3 /* LaunchScreen.storyboard */; };
/* End PBXBuildFile section */

/* Begin PBXFileReference section */
		83890563242BD5DA00310403 /* xcode-11-3-1.png */ = {isa = PBXFileReference; lastKnownFileType = image.png; path = "xcode-11-3-1.png"; sourceTree = "<group>"; };
		83890564242BD5DA00310403 /* xcode-11-4.png */ = {isa = PBXFileReference; lastKnownFileType = image.png; path = "xcode-11-4.png"; sourceTree = "<group>"; };
		83890565242BD95600310403 /* README.md */ = {isa = PBXFileReference; lastKnownFileType = net.daringfireball.markdown; path = README.md; sourceTree = "<group>"; };
		83890566242BD97100310403 /* LICENSE.md */ = {isa = PBXFileReference; lastKnownFileType = net.daringfireball.markdown; path = LICENSE.md; sourceTree = "<group>"; };
		83A24E15242BC5150031E5F3 /* PointsOfInterestDemo.app */ = {isa = PBXFileReference; explicitFileType = wrapper.application; includeInIndex = 0; path = PointsOfInterestDemo.app; sourceTree = BUILT_PRODUCTS_DIR; };
		83A24E18242BC5150031E5F3 /* AppDelegate.swift */ = {isa = PBXFileReference; lastKnownFileType = sourcecode.swift; path = AppDelegate.swift; sourceTree = "<group>"; };
		83A24E1A242BC5150031E5F3 /* SceneDelegate.swift */ = {isa = PBXFileReference; lastKnownFileType = sourcecode.swift; path = SceneDelegate.swift; sourceTree = "<group>"; };
		83A24E1C242BC5150031E5F3 /* ViewController.swift */ = {isa = PBXFileReference; lastKnownFileType = sourcecode.swift; path = ViewController.swift; sourceTree = "<group>"; };
		83A24E1F242BC5150031E5F3 /* Base */ = {isa = PBXFileReference; lastKnownFileType = file.storyboard; name = Base; path = Base.lproj/Main.storyboard; sourceTree = "<group>"; };
		83A24E21242BC5160031E5F3 /* Assets.xcassets */ = {isa = PBXFileReference; lastKnownFileType = folder.assetcatalog; path = Assets.xcassets; sourceTree = "<group>"; };
		83A24E24242BC5160031E5F3 /* Base */ = {isa = PBXFileReference; lastKnownFileType = file.storyboard; name = Base; path = Base.lproj/LaunchScreen.storyboard; sourceTree = "<group>"; };
		83A24E26242BC5160031E5F3 /* Info.plist */ = {isa = PBXFileReference; lastKnownFileType = text.plist.xml; path = Info.plist; sourceTree = "<group>"; };
/* End PBXFileReference section */

/* Begin PBXFrameworksBuildPhase section */
		83A24E12242BC5150031E5F3 /* Frameworks */ = {
			isa = PBXFrameworksBuildPhase;
			buildActionMask = 2147483647;
			files = (
			);
			runOnlyForDeploymentPostprocessing = 0;
		};
/* End PBXFrameworksBuildPhase section */

/* Begin PBXGroup section */
		83890562242BD5CA00310403 /* Images */ = {
			isa = PBXGroup;
			children = (
				83890563242BD5DA00310403 /* xcode-11-3-1.png */,
				83890564242BD5DA00310403 /* xcode-11-4.png */,
			);
			path = Images;
			sourceTree = "<group>";
		};
		83A24E0C242BC5150031E5F3 = {
			isa = PBXGroup;
			children = (
				83890565242BD95600310403 /* README.md */,
				83890566242BD97100310403 /* LICENSE.md */,
				83A24E17242BC5150031E5F3 /* PointsOfInterestDemo */,
				83890562242BD5CA00310403 /* Images */,
				83A24E16242BC5150031E5F3 /* Products */,
			);
			sourceTree = "<group>";
		};
		83A24E16242BC5150031E5F3 /* Products */ = {
			isa = PBXGroup;
			children = (
				83A24E15242BC5150031E5F3 /* PointsOfInterestDemo.app */,
			);
			name = Products;
			sourceTree = "<group>";
		};
		83A24E17242BC5150031E5F3 /* PointsOfInterestDemo */ = {
			isa = PBXGroup;
			children = (
				83A24E18242BC5150031E5F3 /* AppDelegate.swift */,
				83A24E1A242BC5150031E5F3 /* SceneDelegate.swift */,
				83A24E1C242BC5150031E5F3 /* ViewController.swift */,
				83A24E1E242BC5150031E5F3 /* Main.storyboard */,
				83A24E21242BC5160031E5F3 /* Assets.xcassets */,
				83A24E23242BC5160031E5F3 /* LaunchScreen.storyboard */,
				83A24E26242BC5160031E5F3 /* Info.plist */,
			);
			path = PointsOfInterestDemo;
			sourceTree = "<group>";
		};
/* End PBXGroup section */

/* Begin PBXNativeTarget section */
		83A24E14242BC5150031E5F3 /* PointsOfInterestDemo */ = {
			isa = PBXNativeTarget;
			buildConfigurationList = 83A24E29242BC5160031E5F3 /* Build configuration list for PBXNativeTarget "PointsOfInterestDemo" */;
			buildPhases = (
				83A24E11242BC5150031E5F3 /* Sources */,
				83A24E12242BC5150031E5F3 /* Frameworks */,
				83A24E13242BC5150031E5F3 /* Resources */,
			);
			buildRules = (
			);
			dependencies = (
			);
			name = PointsOfInterestDemo;
			productName = PointsOfInterestDemo;
			productReference = 83A24E15242BC5150031E5F3 /* PointsOfInterestDemo.app */;
			productType = "com.apple.product-type.application";
		};
/* End PBXNativeTarget section */

/* Begin PBXProject section */
		83A24E0D242BC5150031E5F3 /* Project object */ = {
			isa = PBXProject;
			attributes = {
				LastSwiftUpdateCheck = 1140;
				LastUpgradeCheck = 1140;
				ORGANIZATIONNAME = "Robert Ryan";
				TargetAttributes = {
					83A24E14242BC5150031E5F3 = {
						CreatedOnToolsVersion = 11.4;
					};
				};
			};
			buildConfigurationList = 83A24E10242BC5150031E5F3 /* Build configuration list for PBXProject "PointsOfInterestDemo" */;
			compatibilityVersion = "Xcode 9.3";
			developmentRegion = en;
			hasScannedForEncodings = 0;
			knownRegions = (
				en,
				Base,
			);
			mainGroup = 83A24E0C242BC5150031E5F3;
			productRefGroup = 83A24E16242BC5150031E5F3 /* Products */;
			projectDirPath = "";
			projectRoot = "";
			targets = (
				83A24E14242BC5150031E5F3 /* PointsOfInterestDemo */,
			);
		};
/* End PBXProject section */

/* Begin PBXResourcesBuildPhase section */
		83A24E13242BC5150031E5F3 /* Resources */ = {
			isa = PBXResourcesBuildPhase;
			buildActionMask = 2147483647;
			files = (
				83A24E25242BC5160031E5F3 /* LaunchScreen.storyboard in Resources */,
				83A24E22242BC5160031E5F3 /* Assets.xcassets in Resources */,
				83A24E20242BC5150031E5F3 /* Main.storyboard in Resources */,
			);
			runOnlyForDeploymentPostprocessing = 0;
		};
/* End PBXResourcesBuildPhase section */

/* Begin PBXSourcesBuildPhase section */
		83A24E11242BC5150031E5F3 /* Sources */ = {
			isa = PBXSourcesBuildPhase;
			buildActionMask = 2147483647;
			files = (
				83A24E1D242BC5150031E5F3 /* ViewController.swift in Sources */,
				83A24E19242BC5150031E5F3 /* AppDelegate.swift in Sources */,
				83A24E1B242BC5150031E5F3 /* SceneDelegate.swift in Sources */,
			);
			runOnlyForDeploymentPostprocessing = 0;
		};
/* End PBXSourcesBuildPhase section */

/* Begin PBXVariantGroup section */
		83A24E1E242BC5150031E5F3 /* Main.storyboard */ = {
			isa = PBXVariantGroup;
			children = (
				83A24E1F242BC5150031E5F3 /* Base */,
			);
			name = Main.storyboard;
			sourceTree = "<group>";
		};
		83A24E23242BC5160031E5F3 /* LaunchScreen.storyboard */ = {
			isa = PBXVariantGroup;
			children = (
				83A24E24242BC5160031E5F3 /* Base */,
			);
			name = LaunchScreen.storyboard;
			sourceTree = "<group>";
		};
/* End PBXVariantGroup section */

/* Begin XCBuildConfiguration section */
		83A24E27242BC5160031E5F3 /* Debug */ = {
			isa = XCBuildConfiguration;
			buildSettings = {
				ALWAYS_SEARCH_USER_PATHS = NO;
				CLANG_ANALYZER_NONNULL = YES;
				CLANG_ANALYZER_NUMBER_OBJECT_CONVERSION = YES_AGGRESSIVE;
				CLANG_CXX_LANGUAGE_STANDARD = "gnu++14";
				CLANG_CXX_LIBRARY = "libc++";
				CLANG_ENABLE_MODULES = YES;
				CLANG_ENABLE_OBJC_ARC = YES;
				CLANG_ENABLE_OBJC_WEAK = YES;
				CLANG_WARN_BLOCK_CAPTURE_AUTORELEASING = YES;
				CLANG_WARN_BOOL_CONVERSION = YES;
				CLANG_WARN_COMMA = YES;
				CLANG_WARN_CONSTANT_CONVERSION = YES;
				CLANG_WARN_DEPRECATED_OBJC_IMPLEMENTATIONS = YES;
				CLANG_WARN_DIRECT_OBJC_ISA_USAGE = YES_ERROR;
				CLANG_WARN_DOCUMENTATION_COMMENTS = YES;
				CLANG_WARN_EMPTY_BODY = YES;
				CLANG_WARN_ENUM_CONVERSION = YES;
				CLANG_WARN_INFINITE_RECURSION = YES;
				CLANG_WARN_INT_CONVERSION = YES;
				CLANG_WARN_NON_LITERAL_NULL_CONVERSION = YES;
				CLANG_WARN_OBJC_IMPLICIT_RETAIN_SELF = YES;
				CLANG_WARN_OBJC_LITERAL_CONVERSION = YES;
				CLANG_WARN_OBJC_ROOT_CLASS = YES_ERROR;
				CLANG_WARN_RANGE_LOOP_ANALYSIS = YES;
				CLANG_WARN_STRICT_PROTOTYPES = YES;
				CLANG_WARN_SUSPICIOUS_MOVE = YES;
				CLANG_WARN_UNGUARDED_AVAILABILITY = YES_AGGRESSIVE;
				CLANG_WARN_UNREACHABLE_CODE = YES;
				CLANG_WARN__DUPLICATE_METHOD_MATCH = YES;
				COPY_PHASE_STRIP = NO;
				DEBUG_INFORMATION_FORMAT = dwarf;
				ENABLE_STRICT_OBJC_MSGSEND = YES;
				ENABLE_TESTABILITY = YES;
				GCC_C_LANGUAGE_STANDARD = gnu11;
				GCC_DYNAMIC_NO_PIC = NO;
				GCC_NO_COMMON_BLOCKS = YES;
				GCC_OPTIMIZATION_LEVEL = 0;
				GCC_PREPROCESSOR_DEFINITIONS = (
					"DEBUG=1",
					"$(inherited)",
				);
				GCC_WARN_64_TO_32_BIT_CONVERSION = YES;
				GCC_WARN_ABOUT_RETURN_TYPE = YES_ERROR;
				GCC_WARN_UNDECLARED_SELECTOR = YES;
				GCC_WARN_UNINITIALIZED_AUTOS = YES_AGGRESSIVE;
				GCC_WARN_UNUSED_FUNCTION = YES;
				GCC_WARN_UNUSED_VARIABLE = YES;
				IPHONEOS_DEPLOYMENT_TARGET = 13.0;
				MTL_ENABLE_DEBUG_INFO = INCLUDE_SOURCE;
				MTL_FAST_MATH = YES;
				ONLY_ACTIVE_ARCH = YES;
				SDKROOT = iphoneos;
				SWIFT_ACTIVE_COMPILATION_CONDITIONS = DEBUG;
				SWIFT_OPTIMIZATION_LEVEL = "-Onone";
			};
			name = Debug;
		};
		83A24E28242BC5160031E5F3 /* Release */ = {
			isa = XCBuildConfiguration;
			buildSettings = {
				ALWAYS_SEARCH_USER_PATHS = NO;
				CLANG_ANALYZER_NONNULL = YES;
				CLANG_ANALYZER_NUMBER_OBJECT_CONVERSION = YES_AGGRESSIVE;
				CLANG_CXX_LANGUAGE_STANDARD = "gnu++14";
				CLANG_CXX_LIBRARY = "libc++";
				CLANG_ENABLE_MODULES = YES;
				CLANG_ENABLE_OBJC_ARC = YES;
				CLANG_ENABLE_OBJC_WEAK = YES;
				CLANG_WARN_BLOCK_CAPTURE_AUTORELEASING = YES;
				CLANG_WARN_BOOL_CONVERSION = YES;
				CLANG_WARN_COMMA = YES;
				CLANG_WARN_CONSTANT_CONVERSION = YES;
				CLANG_WARN_DEPRECATED_OBJC_IMPLEMENTATIONS = YES;
				CLANG_WARN_DIRECT_OBJC_ISA_USAGE = YES_ERROR;
				CLANG_WARN_DOCUMENTATION_COMMENTS = YES;
				CLANG_WARN_EMPTY_BODY = YES;
				CLANG_WARN_ENUM_CONVERSION = YES;
				CLANG_WARN_INFINITE_RECURSION = YES;
				CLANG_WARN_INT_CONVERSION = YES;
				CLANG_WARN_NON_LITERAL_NULL_CONVERSION = YES;
				CLANG_WARN_OBJC_IMPLICIT_RETAIN_SELF = YES;
				CLANG_WARN_OBJC_LITERAL_CONVERSION = YES;
				CLANG_WARN_OBJC_ROOT_CLASS = YES_ERROR;
				CLANG_WARN_RANGE_LOOP_ANALYSIS = YES;
				CLANG_WARN_STRICT_PROTOTYPES = YES;
				CLANG_WARN_SUSPICIOUS_MOVE = YES;
				CLANG_WARN_UNGUARDED_AVAILABILITY = YES_AGGRESSIVE;
				CLANG_WARN_UNREACHABLE_CODE = YES;
				CLANG_WARN__DUPLICATE_METHOD_MATCH = YES;
				COPY_PHASE_STRIP = NO;
				DEBUG_INFORMATION_FORMAT = "dwarf-with-dsym";
				ENABLE_NS_ASSERTIONS = NO;
				ENABLE_STRICT_OBJC_MSGSEND = YES;
				GCC_C_LANGUAGE_STANDARD = gnu11;
				GCC_NO_COMMON_BLOCKS = YES;
				GCC_WARN_64_TO_32_BIT_CONVERSION = YES;
				GCC_WARN_ABOUT_RETURN_TYPE = YES_ERROR;
				GCC_WARN_UNDECLARED_SELECTOR = YES;
				GCC_WARN_UNINITIALIZED_AUTOS = YES_AGGRESSIVE;
				GCC_WARN_UNUSED_FUNCTION = YES;
				GCC_WARN_UNUSED_VARIABLE = YES;
				IPHONEOS_DEPLOYMENT_TARGET = 13.0;
				MTL_ENABLE_DEBUG_INFO = NO;
				MTL_FAST_MATH = YES;
				SDKROOT = iphoneos;
				SWIFT_COMPILATION_MODE = wholemodule;
				SWIFT_OPTIMIZATION_LEVEL = "-O";
				VALIDATE_PRODUCT = YES;
			};
			name = Release;
		};
		83A24E2A242BC5160031E5F3 /* Debug */ = {
			isa = XCBuildConfiguration;
			buildSettings = {
				ASSETCATALOG_COMPILER_APPICON_NAME = AppIcon;
				CODE_SIGN_STYLE = Automatic;
				DEVELOPMENT_TEAM = UZAPXQTVQ4;
				INFOPLIST_FILE = PointsOfInterestDemo/Info.plist;
				LD_RUNPATH_SEARCH_PATHS = (
					"$(inherited)",
					"@executable_path/Frameworks",
				);
				PRODUCT_BUNDLE_IDENTIFIER = com.robertmryan.PointsOfInterestDemo;
				PRODUCT_NAME = "$(TARGET_NAME)";
				SWIFT_VERSION = 5.0;
				TARGETED_DEVICE_FAMILY = "1,2";
			};
			name = Debug;
		};
		83A24E2B242BC5160031E5F3 /* Release */ = {
			isa = XCBuildConfiguration;
			buildSettings = {
				ASSETCATALOG_COMPILER_APPICON_NAME = AppIcon;
				CODE_SIGN_STYLE = Automatic;
				DEVELOPMENT_TEAM = UZAPXQTVQ4;
				INFOPLIST_FILE = PointsOfInterestDemo/Info.plist;
				LD_RUNPATH_SEARCH_PATHS = (
					"$(inherited)",
					"@executable_path/Frameworks",
				);
				PRODUCT_BUNDLE_IDENTIFIER = com.robertmryan.PointsOfInterestDemo;
				PRODUCT_NAME = "$(TARGET_NAME)";
				SWIFT_VERSION = 5.0;
				TARGETED_DEVICE_FAMILY = "1,2";
			};
			name = Release;
		};
/* End XCBuildConfiguration section */

/* Begin XCConfigurationList section */
		83A24E10242BC5150031E5F3 /* Build configuration list for PBXProject "PointsOfInterestDemo" */ = {
			isa = XCConfigurationList;
			buildConfigurations = (
				83A24E27242BC5160031E5F3 /* Debug */,
				83A24E28242BC5160031E5F3 /* Release */,
			);
			defaultConfigurationIsVisible = 0;
			defaultConfigurationName = Release;
		};
		83A24E29242BC5160031E5F3 /* Build configuration list for PBXNativeTarget "PointsOfInterestDemo" */ = {
			isa = XCConfigurationList;
			buildConfigurations = (
				83A24E2A242BC5160031E5F3 /* Debug */,
				83A24E2B242BC5160031E5F3 /* Release */,
			);
			defaultConfigurationIsVisible = 0;
			defaultConfigurationName = Release;
		};
/* End XCConfigurationList section */
	};
	rootObject = 83A24E0D242BC5150031E5F3 /* Project object */;
}
